// !$*UTF8*$!
{
	archiveVersion = 1;
	classes = {
	};
	objectVersion = 56;
	objects = {

/* Begin PBXBuildFile section */
		18F7F67029A3636B00D283EB /* AppDelegate.swift in Sources */ = {isa = PBXBuildFile; fileRef = 18F7F66F29A3636B00D283EB /* AppDelegate.swift */; };
		18F7F67229A3636B00D283EB /* SceneDelegate.swift in Sources */ = {isa = PBXBuildFile; fileRef = 18F7F67129A3636B00D283EB /* SceneDelegate.swift */; };
		18F7F67429A3636B00D283EB /* ViewController.swift in Sources */ = {isa = PBXBuildFile; fileRef = 18F7F67329A3636B00D283EB /* ViewController.swift */; };
		18F7F67929A3637200D283EB /* Assets.xcassets in Resources */ = {isa = PBXBuildFile; fileRef = 18F7F67829A3637200D283EB /* Assets.xcassets */; };
		18F7F67C29A3637200D283EB /* LaunchScreen.storyboard in Resources */ = {isa = PBXBuildFile; fileRef = 18F7F67A29A3637200D283EB /* LaunchScreen.storyboard */; };
		18F7F68D29A3657800D283EB /* AuthViewController.swift in Sources */ = {isa = PBXBuildFile; fileRef = 18F7F68C29A3657800D283EB /* AuthViewController.swift */; };
		18F7F68F29A366D900D283EB /* WelcomeViewController.swift in Sources */ = {isa = PBXBuildFile; fileRef = 18F7F68E29A366D900D283EB /* WelcomeViewController.swift */; };
		18F7F69129A366F300D283EB /* SettingsViewController.swift in Sources */ = {isa = PBXBuildFile; fileRef = 18F7F69029A366F300D283EB /* SettingsViewController.swift */; };
		18F7F69329A3670700D283EB /* PlayerViewController.swift in Sources */ = {isa = PBXBuildFile; fileRef = 18F7F69229A3670700D283EB /* PlayerViewController.swift */; };
		18F7F69529A3671A00D283EB /* PlaylistViewController.swift in Sources */ = {isa = PBXBuildFile; fileRef = 18F7F69429A3671A00D283EB /* PlaylistViewController.swift */; };
		18F7F69729A3672B00D283EB /* SearchViewController.swift in Sources */ = {isa = PBXBuildFile; fileRef = 18F7F69629A3672B00D283EB /* SearchViewController.swift */; };
		18F7F69929A3674800D283EB /* AuthManager.swift in Sources */ = {isa = PBXBuildFile; fileRef = 18F7F69829A3674800D283EB /* AuthManager.swift */; };
		18F7F69B29A3675C00D283EB /* Apicaller.swift in Sources */ = {isa = PBXBuildFile; fileRef = 18F7F69A29A3675C00D283EB /* Apicaller.swift */; };
		18F7F69D29A3677300D283EB /* HepticManager.swift in Sources */ = {isa = PBXBuildFile; fileRef = 18F7F69C29A3677300D283EB /* HepticManager.swift */; };
		18F7F69F29A367C400D283EB /* Playlist.swift in Sources */ = {isa = PBXBuildFile; fileRef = 18F7F69E29A367C400D283EB /* Playlist.swift */; };
		18F7F6A129A367DE00D283EB /* Audiofile.swift in Sources */ = {isa = PBXBuildFile; fileRef = 18F7F6A029A367DE00D283EB /* Audiofile.swift */; };
		18F7F6A329A369FF00D283EB /* TabbarViewController.swift in Sources */ = {isa = PBXBuildFile; fileRef = 18F7F6A229A369FF00D283EB /* TabbarViewController.swift */; };
		18F7F6A529A36C9900D283EB /* HomeViewController.swift in Sources */ = {isa = PBXBuildFile; fileRef = 18F7F6A429A36C9900D283EB /* HomeViewController.swift */; };
		18F7F6A929A36CC500D283EB /* LibraryViewController.swift in Sources */ = {isa = PBXBuildFile; fileRef = 18F7F6A829A36CC500D283EB /* LibraryViewController.swift */; };
/* End PBXBuildFile section */

/* Begin PBXFileReference section */
		18F7F66C29A3636B00D283EB /* Sportify12.app */ = {isa = PBXFileReference; explicitFileType = wrapper.application; includeInIndex = 0; path = Sportify12.app; sourceTree = BUILT_PRODUCTS_DIR; };
		18F7F66F29A3636B00D283EB /* AppDelegate.swift */ = {isa = PBXFileReference; lastKnownFileType = sourcecode.swift; path = AppDelegate.swift; sourceTree = "<group>"; };
		18F7F67129A3636B00D283EB /* SceneDelegate.swift */ = {isa = PBXFileReference; lastKnownFileType = sourcecode.swift; path = SceneDelegate.swift; sourceTree = "<group>"; };
		18F7F67329A3636B00D283EB /* ViewController.swift */ = {isa = PBXFileReference; lastKnownFileType = sourcecode.swift; path = ViewController.swift; sourceTree = "<group>"; };
		18F7F67829A3637200D283EB /* Assets.xcassets */ = {isa = PBXFileReference; lastKnownFileType = folder.assetcatalog; path = Assets.xcassets; sourceTree = "<group>"; };
		18F7F67B29A3637200D283EB /* Base */ = {isa = PBXFileReference; lastKnownFileType = file.storyboard; name = Base; path = Base.lproj/LaunchScreen.storyboard; sourceTree = "<group>"; };
		18F7F67D29A3637200D283EB /* Info.plist */ = {isa = PBXFileReference; lastKnownFileType = text.plist.xml; path = Info.plist; sourceTree = "<group>"; };
		18F7F68C29A3657800D283EB /* AuthViewController.swift */ = {isa = PBXFileReference; lastKnownFileType = sourcecode.swift; path = AuthViewController.swift; sourceTree = "<group>"; };
		18F7F68E29A366D900D283EB /* WelcomeViewController.swift */ = {isa = PBXFileReference; lastKnownFileType = sourcecode.swift; path = WelcomeViewController.swift; sourceTree = "<group>"; };
		18F7F69029A366F300D283EB /* SettingsViewController.swift */ = {isa = PBXFileReference; lastKnownFileType = sourcecode.swift; path = SettingsViewController.swift; sourceTree = "<group>"; };
		18F7F69229A3670700D283EB /* PlayerViewController.swift */ = {isa = PBXFileReference; lastKnownFileType = sourcecode.swift; path = PlayerViewController.swift; sourceTree = "<group>"; };
		18F7F69429A3671A00D283EB /* PlaylistViewController.swift */ = {isa = PBXFileReference; lastKnownFileType = sourcecode.swift; path = PlaylistViewController.swift; sourceTree = "<group>"; };
		18F7F69629A3672B00D283EB /* SearchViewController.swift */ = {isa = PBXFileReference; lastKnownFileType = sourcecode.swift; path = SearchViewController.swift; sourceTree = "<group>"; };
		18F7F69829A3674800D283EB /* AuthManager.swift */ = {isa = PBXFileReference; lastKnownFileType = sourcecode.swift; path = AuthManager.swift; sourceTree = "<group>"; };
		18F7F69A29A3675C00D283EB /* Apicaller.swift */ = {isa = PBXFileReference; lastKnownFileType = sourcecode.swift; path = Apicaller.swift; sourceTree = "<group>"; };
		18F7F69C29A3677300D283EB /* HepticManager.swift */ = {isa = PBXFileReference; lastKnownFileType = sourcecode.swift; path = HepticManager.swift; sourceTree = "<group>"; };
		18F7F69E29A367C400D283EB /* Playlist.swift */ = {isa = PBXFileReference; lastKnownFileType = sourcecode.swift; path = Playlist.swift; sourceTree = "<group>"; };
		18F7F6A029A367DE00D283EB /* Audiofile.swift */ = {isa = PBXFileReference; lastKnownFileType = sourcecode.swift; path = Audiofile.swift; sourceTree = "<group>"; };
		18F7F6A229A369FF00D283EB /* TabbarViewController.swift */ = {isa = PBXFileReference; lastKnownFileType = sourcecode.swift; path = TabbarViewController.swift; sourceTree = "<group>"; };
		18F7F6A429A36C9900D283EB /* HomeViewController.swift */ = {isa = PBXFileReference; lastKnownFileType = sourcecode.swift; path = HomeViewController.swift; sourceTree = "<group>"; };
		18F7F6A829A36CC500D283EB /* LibraryViewController.swift */ = {isa = PBXFileReference; lastKnownFileType = sourcecode.swift; path = LibraryViewController.swift; sourceTree = "<group>"; };
/* End PBXFileReference section */

/* Begin PBXFrameworksBuildPhase section */
		18F7F66929A3636B00D283EB /* Frameworks */ = {
			isa = PBXFrameworksBuildPhase;
			buildActionMask = 2147483647;
			files = (
			);
			runOnlyForDeploymentPostprocessing = 0;
		};
/* End PBXFrameworksBuildPhase section */

/* Begin PBXGroup section */
		18F7F66329A3636B00D283EB = {
			isa = PBXGroup;
			children = (
				18F7F66E29A3636B00D283EB /* Sportify12 */,
				18F7F66D29A3636B00D283EB /* Products */,
			);
			sourceTree = "<group>";
		};
		18F7F66D29A3636B00D283EB /* Products */ = {
			isa = PBXGroup;
			children = (
				18F7F66C29A3636B00D283EB /* Sportify12.app */,
			);
			name = Products;
			sourceTree = "<group>";
		};
		18F7F66E29A3636B00D283EB /* Sportify12 */ = {
			isa = PBXGroup;
			children = (
				18F7F68929A3650200D283EB /* Controllers */,
				18F7F68729A3647600D283EB /* ViewModels */,
				18F7F68629A3646A00D283EB /* Models */,
				18F7F68529A3646200D283EB /* Views */,
				18F7F68429A3645200D283EB /* Managers */,
				18F7F68329A3643000D283EB /* Resources */,
				18F7F67329A3636B00D283EB /* ViewController.swift */,
				18F7F67829A3637200D283EB /* Assets.xcassets */,
				18F7F67D29A3637200D283EB /* Info.plist */,
			);
			path = Sportify12;
			sourceTree = "<group>";
		};
		18F7F68329A3643000D283EB /* Resources */ = {
			isa = PBXGroup;
			children = (
			);
			path = Resources;
			sourceTree = "<group>";
		};
		18F7F68429A3645200D283EB /* Managers */ = {
			isa = PBXGroup;
			children = (
				18F7F69829A3674800D283EB /* AuthManager.swift */,
				18F7F69A29A3675C00D283EB /* Apicaller.swift */,
				18F7F69C29A3677300D283EB /* HepticManager.swift */,
			);
			path = Managers;
			sourceTree = "<group>";
		};
		18F7F68529A3646200D283EB /* Views */ = {
			isa = PBXGroup;
			children = (
				18F7F66F29A3636B00D283EB /* AppDelegate.swift */,
				18F7F67129A3636B00D283EB /* SceneDelegate.swift */,
				18F7F67A29A3637200D283EB /* LaunchScreen.storyboard */,
			);
			path = Views;
			sourceTree = "<group>";
		};
		18F7F68629A3646A00D283EB /* Models */ = {
			isa = PBXGroup;
			children = (
				18F7F69E29A367C400D283EB /* Playlist.swift */,
				18F7F6A029A367DE00D283EB /* Audiofile.swift */,
			);
			path = Models;
			sourceTree = "<group>";
		};
		18F7F68729A3647600D283EB /* ViewModels */ = {
			isa = PBXGroup;
			children = (
			);
			path = ViewModels;
			sourceTree = "<group>";
		};
		18F7F68929A3650200D283EB /* Controllers */ = {
			isa = PBXGroup;
			children = (
				18F7F68B29A3653600D283EB /* Core */,
				18F7F68A29A3652B00D283EB /* Other */,
			);
			path = Controllers;
			sourceTree = "<group>";
		};
		18F7F68A29A3652B00D283EB /* Other */ = {
			isa = PBXGroup;
			children = (
				18F7F68C29A3657800D283EB /* AuthViewController.swift */,
				18F7F68E29A366D900D283EB /* WelcomeViewController.swift */,
				18F7F69029A366F300D283EB /* SettingsViewController.swift */,
				18F7F69229A3670700D283EB /* PlayerViewController.swift */,
				18F7F69429A3671A00D283EB /* PlaylistViewController.swift */,
				18F7F69629A3672B00D283EB /* SearchViewController.swift */,
			);
			path = Other;
			sourceTree = "<group>";
		};
		18F7F68B29A3653600D283EB /* Core */ = {
			isa = PBXGroup;
			children = (
				18F7F6A229A369FF00D283EB /* TabbarViewController.swift */,
				18F7F6A429A36C9900D283EB /* HomeViewController.swift */,
				18F7F6A829A36CC500D283EB /* LibraryViewController.swift */,
			);
			path = Core;
			sourceTree = "<group>";
		};
/* End PBXGroup section */

/* Begin PBXNativeTarget section */
		18F7F66B29A3636B00D283EB /* Sportify12 */ = {
			isa = PBXNativeTarget;
			buildConfigurationList = 18F7F68029A3637200D283EB /* Build configuration list for PBXNativeTarget "Sportify12" */;
			buildPhases = (
				18F7F66829A3636B00D283EB /* Sources */,
				18F7F66929A3636B00D283EB /* Frameworks */,
				18F7F66A29A3636B00D283EB /* Resources */,
			);
			buildRules = (
			);
			dependencies = (
			);
			name = Sportify12;
			productName = Sportify12;
			productReference = 18F7F66C29A3636B00D283EB /* Sportify12.app */;
			productType = "com.apple.product-type.application";
		};
/* End PBXNativeTarget section */

/* Begin PBXProject section */
		18F7F66429A3636B00D283EB /* Project object */ = {
			isa = PBXProject;
			attributes = {
				BuildIndependentTargetsInParallel = 1;
				LastSwiftUpdateCheck = 1420;
				LastUpgradeCheck = 1420;
				TargetAttributes = {
					18F7F66B29A3636B00D283EB = {
						CreatedOnToolsVersion = 14.2;
					};
				};
			};
			buildConfigurationList = 18F7F66729A3636B00D283EB /* Build configuration list for PBXProject "Sportify12" */;
			compatibilityVersion = "Xcode 14.0";
			developmentRegion = en;
			hasScannedForEncodings = 0;
			knownRegions = (
				en,
				Base,
			);
			mainGroup = 18F7F66329A3636B00D283EB;
			productRefGroup = 18F7F66D29A3636B00D283EB /* Products */;
			projectDirPath = "";
			projectRoot = "";
			targets = (
				18F7F66B29A3636B00D283EB /* Sportify12 */,
			);
		};
/* End PBXProject section */

/* Begin PBXResourcesBuildPhase section */
		18F7F66A29A3636B00D283EB /* Resources */ = {
			isa = PBXResourcesBuildPhase;
			buildActionMask = 2147483647;
			files = (
				18F7F67C29A3637200D283EB /* LaunchScreen.storyboard in Resources */,
				18F7F67929A3637200D283EB /* Assets.xcassets in Resources */,
			);
			runOnlyForDeploymentPostprocessing = 0;
		};
/* End PBXResourcesBuildPhase section */

/* Begin PBXSourcesBuildPhase section */
		18F7F66829A3636B00D283EB /* Sources */ = {
			isa = PBXSourcesBuildPhase;
			buildActionMask = 2147483647;
			files = (
				18F7F69529A3671A00D283EB /* PlaylistViewController.swift in Sources */,
				18F7F69F29A367C400D283EB /* Playlist.swift in Sources */,
				18F7F68D29A3657800D283EB /* AuthViewController.swift in Sources */,
				18F7F69D29A3677300D283EB /* HepticManager.swift in Sources */,
				18F7F68F29A366D900D283EB /* WelcomeViewController.swift in Sources */,
				18F7F69B29A3675C00D283EB /* Apicaller.swift in Sources */,
				18F7F69729A3672B00D283EB /* SearchViewController.swift in Sources */,
				18F7F67429A3636B00D283EB /* ViewController.swift in Sources */,
				18F7F6A329A369FF00D283EB /* TabbarViewController.swift in Sources */,
				18F7F69329A3670700D283EB /* PlayerViewController.swift in Sources */,
				18F7F67029A3636B00D283EB /* AppDelegate.swift in Sources */,
				18F7F6A529A36C9900D283EB /* HomeViewController.swift in Sources */,
				18F7F67229A3636B00D283EB /* SceneDelegate.swift in Sources */,
				18F7F69129A366F300D283EB /* SettingsViewController.swift in Sources */,
				18F7F6A129A367DE00D283EB /* Audiofile.swift in Sources */,
				18F7F6A929A36CC500D283EB /* LibraryViewController.swift in Sources */,
				18F7F69929A3674800D283EB /* AuthManager.swift in Sources */,
			);
			runOnlyForDeploymentPostprocessing = 0;
		};
/* End PBXSourcesBuildPhase section */

/* Begin PBXVariantGroup section */
		18F7F67A29A3637200D283EB /* LaunchScreen.storyboard */ = {
			isa = PBXVariantGroup;
			children = (
				18F7F67B29A3637200D283EB /* Base */,
			);
			name = LaunchScreen.storyboard;
			sourceTree = "<group>";
		};
/* End PBXVariantGroup section */

/* Begin XCBuildConfiguration section */
		18F7F67E29A3637200D283EB /* Debug */ = {
			isa = XCBuildConfiguration;
			buildSettings = {
				ALWAYS_SEARCH_USER_PATHS = NO;
				CLANG_ANALYZER_NONNULL = YES;
				CLANG_ANALYZER_NUMBER_OBJECT_CONVERSION = YES_AGGRESSIVE;
				CLANG_CXX_LANGUAGE_STANDARD = "gnu++20";
				CLANG_ENABLE_MODULES = YES;
				CLANG_ENABLE_OBJC_ARC = YES;
				CLANG_ENABLE_OBJC_WEAK = YES;
				CLANG_WARN_BLOCK_CAPTURE_AUTORELEASING = YES;
				CLANG_WARN_BOOL_CONVERSION = YES;
				CLANG_WARN_COMMA = YES;
				CLANG_WARN_CONSTANT_CONVERSION = YES;
				CLANG_WARN_DEPRECATED_OBJC_IMPLEMENTATIONS = YES;
				CLANG_WARN_DIRECT_OBJC_ISA_USAGE = YES_ERROR;
				CLANG_WARN_DOCUMENTATION_COMMENTS = YES;
				CLANG_WARN_EMPTY_BODY = YES;
				CLANG_WARN_ENUM_CONVERSION = YES;
				CLANG_WARN_INFINITE_RECURSION = YES;
				CLANG_WARN_INT_CONVERSION = YES;
				CLANG_WARN_NON_LITERAL_NULL_CONVERSION = YES;
				CLANG_WARN_OBJC_IMPLICIT_RETAIN_SELF = YES;
				CLANG_WARN_OBJC_LITERAL_CONVERSION = YES;
				CLANG_WARN_OBJC_ROOT_CLASS = YES_ERROR;
				CLANG_WARN_QUOTED_INCLUDE_IN_FRAMEWORK_HEADER = YES;
				CLANG_WARN_RANGE_LOOP_ANALYSIS = YES;
				CLANG_WARN_STRICT_PROTOTYPES = YES;
				CLANG_WARN_SUSPICIOUS_MOVE = YES;
				CLANG_WARN_UNGUARDED_AVAILABILITY = YES_AGGRESSIVE;
				CLANG_WARN_UNREACHABLE_CODE = YES;
				CLANG_WARN__DUPLICATE_METHOD_MATCH = YES;
				COPY_PHASE_STRIP = NO;
				DEBUG_INFORMATION_FORMAT = dwarf;
				ENABLE_STRICT_OBJC_MSGSEND = YES;
				ENABLE_TESTABILITY = YES;
				GCC_C_LANGUAGE_STANDARD = gnu11;
				GCC_DYNAMIC_NO_PIC = NO;
				GCC_NO_COMMON_BLOCKS = YES;
				GCC_OPTIMIZATION_LEVEL = 0;
				GCC_PREPROCESSOR_DEFINITIONS = (
					"DEBUG=1",
					"$(inherited)",
				);
				GCC_WARN_64_TO_32_BIT_CONVERSION = YES;
				GCC_WARN_ABOUT_RETURN_TYPE = YES_ERROR;
				GCC_WARN_UNDECLARED_SELECTOR = YES;
				GCC_WARN_UNINITIALIZED_AUTOS = YES_AGGRESSIVE;
				GCC_WARN_UNUSED_FUNCTION = YES;
				GCC_WARN_UNUSED_VARIABLE = YES;
				IPHONEOS_DEPLOYMENT_TARGET = 16.2;
				MTL_ENABLE_DEBUG_INFO = INCLUDE_SOURCE;
				MTL_FAST_MATH = YES;
				ONLY_ACTIVE_ARCH = YES;
				SDKROOT = iphoneos;
				SWIFT_ACTIVE_COMPILATION_CONDITIONS = DEBUG;
				SWIFT_OPTIMIZATION_LEVEL = "-Onone";
			};
			name = Debug;
		};
		18F7F67F29A3637200D283EB /* Release */ = {
			isa = XCBuildConfiguration;
			buildSettings = {
				ALWAYS_SEARCH_USER_PATHS = NO;
				CLANG_ANALYZER_NONNULL = YES;
				CLANG_ANALYZER_NUMBER_OBJECT_CONVERSION = YES_AGGRESSIVE;
				CLANG_CXX_LANGUAGE_STANDARD = "gnu++20";
				CLANG_ENABLE_MODULES = YES;
				CLANG_ENABLE_OBJC_ARC = YES;
				CLANG_ENABLE_OBJC_WEAK = YES;
				CLANG_WARN_BLOCK_CAPTURE_AUTORELEASING = YES;
				CLANG_WARN_BOOL_CONVERSION = YES;
				CLANG_WARN_COMMA = YES;
				CLANG_WARN_CONSTANT_CONVERSION = YES;
				CLANG_WARN_DEPRECATED_OBJC_IMPLEMENTATIONS = YES;
				CLANG_WARN_DIRECT_OBJC_ISA_USAGE = YES_ERROR;
				CLANG_WARN_DOCUMENTATION_COMMENTS = YES;
				CLANG_WARN_EMPTY_BODY = YES;
				CLANG_WARN_ENUM_CONVERSION = YES;
				CLANG_WARN_INFINITE_RECURSION = YES;
				CLANG_WARN_INT_CONVERSION = YES;
				CLANG_WARN_NON_LITERAL_NULL_CONVERSION = YES;
				CLANG_WARN_OBJC_IMPLICIT_RETAIN_SELF = YES;
				CLANG_WARN_OBJC_LITERAL_CONVERSION = YES;
				CLANG_WARN_OBJC_ROOT_CLASS = YES_ERROR;
				CLANG_WARN_QUOTED_INCLUDE_IN_FRAMEWORK_HEADER = YES;
				CLANG_WARN_RANGE_LOOP_ANALYSIS = YES;
				CLANG_WARN_STRICT_PROTOTYPES = YES;
				CLANG_WARN_SUSPICIOUS_MOVE = YES;
				CLANG_WARN_UNGUARDED_AVAILABILITY = YES_AGGRESSIVE;
				CLANG_WARN_UNREACHABLE_CODE = YES;
				CLANG_WARN__DUPLICATE_METHOD_MATCH = YES;
				COPY_PHASE_STRIP = NO;
				DEBUG_INFORMATION_FORMAT = "dwarf-with-dsym";
				ENABLE_NS_ASSERTIONS = NO;
				ENABLE_STRICT_OBJC_MSGSEND = YES;
				GCC_C_LANGUAGE_STANDARD = gnu11;
				GCC_NO_COMMON_BLOCKS = YES;
				GCC_WARN_64_TO_32_BIT_CONVERSION = YES;
				GCC_WARN_ABOUT_RETURN_TYPE = YES_ERROR;
				GCC_WARN_UNDECLARED_SELECTOR = YES;
				GCC_WARN_UNINITIALIZED_AUTOS = YES_AGGRESSIVE;
				GCC_WARN_UNUSED_FUNCTION = YES;
				GCC_WARN_UNUSED_VARIABLE = YES;
				IPHONEOS_DEPLOYMENT_TARGET = 16.2;
				MTL_ENABLE_DEBUG_INFO = NO;
				MTL_FAST_MATH = YES;
				SDKROOT = iphoneos;
				SWIFT_COMPILATION_MODE = wholemodule;
				SWIFT_OPTIMIZATION_LEVEL = "-O";
				VALIDATE_PRODUCT = YES;
			};
			name = Release;
		};
		18F7F68129A3637200D283EB /* Debug */ = {
			isa = XCBuildConfiguration;
			buildSettings = {
				ASSETCATALOG_COMPILER_APPICON_NAME = AppIcon;
				ASSETCATALOG_COMPILER_GLOBAL_ACCENT_COLOR_NAME = AccentColor;
				CODE_SIGN_STYLE = Automatic;
				CURRENT_PROJECT_VERSION = 1;
				DEVELOPMENT_TEAM = HNS64TAJ9X;
				GENERATE_INFOPLIST_FILE = YES;
				INFOPLIST_FILE = Sportify12/Info.plist;
				INFOPLIST_KEY_UIApplicationSupportsIndirectInputEvents = YES;
				INFOPLIST_KEY_UILaunchStoryboardName = LaunchScreen;
				INFOPLIST_KEY_UISupportedInterfaceOrientations_iPad = "UIInterfaceOrientationPortrait UIInterfaceOrientationPortraitUpsideDown UIInterfaceOrientationLandscapeLeft UIInterfaceOrientationLandscapeRight";
				INFOPLIST_KEY_UISupportedInterfaceOrientations_iPhone = "UIInterfaceOrientationPortrait UIInterfaceOrientationLandscapeLeft UIInterfaceOrientationLandscapeRight";
				LD_RUNPATH_SEARCH_PATHS = (
					"$(inherited)",
					"@executable_path/Frameworks",
				);
				MARKETING_VERSION = 1.0;
				PRODUCT_BUNDLE_IDENTIFIER = com.bigjermaine.Sportify12;
				PRODUCT_NAME = "$(TARGET_NAME)";
				SWIFT_EMIT_LOC_STRINGS = YES;
				SWIFT_VERSION = 5.0;
				TARGETED_DEVICE_FAMILY = "1,2";
			};
			name = Debug;
		};
		18F7F68229A3637200D283EB /* Release */ = {
			isa = XCBuildConfiguration;
			buildSettings = {
				ASSETCATALOG_COMPILER_APPICON_NAME = AppIcon;
				ASSETCATALOG_COMPILER_GLOBAL_ACCENT_COLOR_NAME = AccentColor;
				CODE_SIGN_STYLE = Automatic;
				CURRENT_PROJECT_VERSION = 1;
				DEVELOPMENT_TEAM = HNS64TAJ9X;
				GENERATE_INFOPLIST_FILE = YES;
				INFOPLIST_FILE = Sportify12/Info.plist;
				INFOPLIST_KEY_UIApplicationSupportsIndirectInputEvents = YES;
				INFOPLIST_KEY_UILaunchStoryboardName = LaunchScreen;
				INFOPLIST_KEY_UISupportedInterfaceOrientations_iPad = "UIInterfaceOrientationPortrait UIInterfaceOrientationPortraitUpsideDown UIInterfaceOrientationLandscapeLeft UIInterfaceOrientationLandscapeRight";
				INFOPLIST_KEY_UISupportedInterfaceOrientations_iPhone = "UIInterfaceOrientationPortrait UIInterfaceOrientationLandscapeLeft UIInterfaceOrientationLandscapeRight";
				LD_RUNPATH_SEARCH_PATHS = (
					"$(inherited)",
					"@executable_path/Frameworks",
				);
				MARKETING_VERSION = 1.0;
				PRODUCT_BUNDLE_IDENTIFIER = com.bigjermaine.Sportify12;
				PRODUCT_NAME = "$(TARGET_NAME)";
				SWIFT_EMIT_LOC_STRINGS = YES;
				SWIFT_VERSION = 5.0;
				TARGETED_DEVICE_FAMILY = "1,2";
			};
			name = Release;
		};
/* End XCBuildConfiguration section */

/* Begin XCConfigurationList section */
		18F7F66729A3636B00D283EB /* Build configuration list for PBXProject "Sportify12" */ = {
			isa = XCConfigurationList;
			buildConfigurations = (
				18F7F67E29A3637200D283EB /* Debug */,
				18F7F67F29A3637200D283EB /* Release */,
			);
			defaultConfigurationIsVisible = 0;
			defaultConfigurationName = Release;
		};
		18F7F68029A3637200D283EB /* Build configuration list for PBXNativeTarget "Sportify12" */ = {
			isa = XCConfigurationList;
			buildConfigurations = (
				18F7F68129A3637200D283EB /* Debug */,
				18F7F68229A3637200D283EB /* Release */,
			);
			defaultConfigurationIsVisible = 0;
			defaultConfigurationName = Release;
		};
/* End XCConfigurationList section */
	};
	rootObject = 18F7F66429A3636B00D283EB /* Project object */;
}
